
Microsoft Visual Studio Solution File, Format Version 12.00
# Visual Studio Version 17
VisualStudioVersion = 17.4.33205.214
MinimumVisualStudioVersion = 10.0.40219.1
Project("{FAE04EC0-301F-11D3-BF4B-00C04F79EFBC}") = "ConsoleApp", "ConsoleApp\ConsoleApp.csproj", "{B725312D-F79F-4380-BF94-E6E645F2D86E}"
EndProject
Project("{9A19103F-16F7-4668-BE54-9A1E7A4F7556}") = "RayTracer", "RayTracer\RayTracer.csproj", "{42016D22-B859-4003-B930-EF3B0A139128}"
EndProject
Project("{9A19103F-16F7-4668-BE54-9A1E7A4F7556}") = "RayTracer.Tests", "RayTracer.Tests\RayTracer.Tests.csproj", "{0A8A4F45-A32F-4712-AF96-3C0084B46D71}"
EndProject
Project("{2150E333-8FDC-42A3-9474-1A3956D46DE8}") = "Solution Items", "Solution Items", "{86670C21-C026-46E2-905C-DD67C17CE758}"
	ProjectSection(SolutionItems) = preProject
		..\.gitignore = ..\.gitignore
		README.md = README.md
		.editorconfig = .editorconfig
	EndProjectSection
EndProject
Project("{9A19103F-16F7-4668-BE54-9A1E7A4F7556}") = "ImageConveter.ConsoleApp", "ImageConveter.ConsoleApp\ImageConveter.ConsoleApp.csproj", "{7BEE25AD-364D-44AC-8B40-53FFE49CFD46}"
EndProject
Project("{9A19103F-16F7-4668-BE54-9A1E7A4F7556}") = "ImageConverter.Core", "ImageConverter.Core\ImageConverter.Core.csproj", "{113FEB15-EB53-4ABA-9B8D-90F5F2D17DBD}"
EndProject
Project("{9A19103F-16F7-4668-BE54-9A1E7A4F7556}") = "ImageConverter.Reader.PPM", "ImageConverter.Reader.PPM\ImageConverter.Reader.PPM.csproj", "{56E351E6-979C-4D9E-B313-512E22EDE119}"
EndProject
Project("{9A19103F-16F7-4668-BE54-9A1E7A4F7556}") = "ImageConverter.Writer.PPM", "ImageConverter.Writer.PPM\ImageConverter.Writer.PPM.csproj", "{08823AD6-5AF2-492B-B108-667DEF3F48EA}"
EndProject
Project("{9A19103F-16F7-4668-BE54-9A1E7A4F7556}") = "ImageConverter.Common", "ImageConverter.Common\ImageConverter.Common.csproj", "{30BAB08C-2DEE-46F0-AFA5-A8F758DC761D}"
EndProject
Project("{9A19103F-16F7-4668-BE54-9A1E7A4F7556}") = "ImageConverter.Reader.BMP", "ImageConverter.Reader.BMP\ImageConverter.Reader.BMP.csproj", "{57EE5316-08CA-4C12-9786-2D32A1E13BF1}"
EndProject
Project("{9A19103F-16F7-4668-BE54-9A1E7A4F7556}") = "ImageConverter.Writer.BMP", "ImageConverter.Writer.BMP\ImageConverter.Writer.BMP.csproj", "{13E3FB0D-47D6-4C80-8379-8BD1F3DC7253}"
EndProject
Project("{FAE04EC0-301F-11D3-BF4B-00C04F79EFBC}") = "Common", "Common\Common.csproj", "{D35F9742-EBD0-440C-8201-7E8FA9249D5D}"
EndProject
Global
	GlobalSection(SolutionConfigurationPlatforms) = preSolution
		Debug|Any CPU = Debug|Any CPU
		Debug|x64 = Debug|x64
		Debug|x86 = Debug|x86
		MinSizeRel|Any CPU = MinSizeRel|Any CPU
		MinSizeRel|x64 = MinSizeRel|x64
		MinSizeRel|x86 = MinSizeRel|x86
		Release|Any CPU = Release|Any CPU
		Release|x64 = Release|x64
		Release|x86 = Release|x86
		RelWithDebInfo|Any CPU = RelWithDebInfo|Any CPU
		RelWithDebInfo|x64 = RelWithDebInfo|x64
		RelWithDebInfo|x86 = RelWithDebInfo|x86
	EndGlobalSection
	GlobalSection(ProjectConfigurationPlatforms) = postSolution
		{B725312D-F79F-4380-BF94-E6E645F2D86E}.Debug|Any CPU.ActiveCfg = Debug|Any CPU
		{B725312D-F79F-4380-BF94-E6E645F2D86E}.Debug|Any CPU.Build.0 = Debug|Any CPU
		{B725312D-F79F-4380-BF94-E6E645F2D86E}.Debug|x64.ActiveCfg = Debug|Any CPU
		{B725312D-F79F-4380-BF94-E6E645F2D86E}.Debug|x64.Build.0 = Debug|Any CPU
		{B725312D-F79F-4380-BF94-E6E645F2D86E}.Debug|x86.ActiveCfg = Debug|Any CPU
		{B725312D-F79F-4380-BF94-E6E645F2D86E}.Debug|x86.Build.0 = Debug|Any CPU
		{B725312D-F79F-4380-BF94-E6E645F2D86E}.MinSizeRel|Any CPU.ActiveCfg = Release|Any CPU
		{B725312D-F79F-4380-BF94-E6E645F2D86E}.MinSizeRel|Any CPU.Build.0 = Release|Any CPU
		{B725312D-F79F-4380-BF94-E6E645F2D86E}.MinSizeRel|x64.ActiveCfg = Release|Any CPU
		{B725312D-F79F-4380-BF94-E6E645F2D86E}.MinSizeRel|x64.Build.0 = Release|Any CPU
		{B725312D-F79F-4380-BF94-E6E645F2D86E}.MinSizeRel|x86.ActiveCfg = Release|Any CPU
		{B725312D-F79F-4380-BF94-E6E645F2D86E}.MinSizeRel|x86.Build.0 = Release|Any CPU
		{B725312D-F79F-4380-BF94-E6E645F2D86E}.Release|Any CPU.ActiveCfg = Release|Any CPU
		{B725312D-F79F-4380-BF94-E6E645F2D86E}.Release|Any CPU.Build.0 = Release|Any CPU
		{B725312D-F79F-4380-BF94-E6E645F2D86E}.Release|x64.ActiveCfg = Release|Any CPU
		{B725312D-F79F-4380-BF94-E6E645F2D86E}.Release|x64.Build.0 = Release|Any CPU
		{B725312D-F79F-4380-BF94-E6E645F2D86E}.Release|x86.ActiveCfg = Release|Any CPU
		{B725312D-F79F-4380-BF94-E6E645F2D86E}.Release|x86.Build.0 = Release|Any CPU
		{B725312D-F79F-4380-BF94-E6E645F2D86E}.RelWithDebInfo|Any CPU.ActiveCfg = Release|Any CPU
		{B725312D-F79F-4380-BF94-E6E645F2D86E}.RelWithDebInfo|Any CPU.Build.0 = Release|Any CPU
		{B725312D-F79F-4380-BF94-E6E645F2D86E}.RelWithDebInfo|x64.ActiveCfg = Release|Any CPU
		{B725312D-F79F-4380-BF94-E6E645F2D86E}.RelWithDebInfo|x64.Build.0 = Release|Any CPU
		{B725312D-F79F-4380-BF94-E6E645F2D86E}.RelWithDebInfo|x86.ActiveCfg = Release|Any CPU
		{B725312D-F79F-4380-BF94-E6E645F2D86E}.RelWithDebInfo|x86.Build.0 = Release|Any CPU
		{42016D22-B859-4003-B930-EF3B0A139128}.Debug|Any CPU.ActiveCfg = Debug|Any CPU
		{42016D22-B859-4003-B930-EF3B0A139128}.Debug|Any CPU.Build.0 = Debug|Any CPU
		{42016D22-B859-4003-B930-EF3B0A139128}.Debug|x64.ActiveCfg = Debug|Any CPU
		{42016D22-B859-4003-B930-EF3B0A139128}.Debug|x64.Build.0 = Debug|Any CPU
		{42016D22-B859-4003-B930-EF3B0A139128}.Debug|x86.ActiveCfg = Debug|Any CPU
		{42016D22-B859-4003-B930-EF3B0A139128}.Debug|x86.Build.0 = Debug|Any CPU
		{42016D22-B859-4003-B930-EF3B0A139128}.MinSizeRel|Any CPU.ActiveCfg = Release|Any CPU
		{42016D22-B859-4003-B930-EF3B0A139128}.MinSizeRel|Any CPU.Build.0 = Release|Any CPU
		{42016D22-B859-4003-B930-EF3B0A139128}.MinSizeRel|x64.ActiveCfg = Release|Any CPU
		{42016D22-B859-4003-B930-EF3B0A139128}.MinSizeRel|x64.Build.0 = Release|Any CPU
		{42016D22-B859-4003-B930-EF3B0A139128}.MinSizeRel|x86.ActiveCfg = Release|Any CPU
		{42016D22-B859-4003-B930-EF3B0A139128}.MinSizeRel|x86.Build.0 = Release|Any CPU
		{42016D22-B859-4003-B930-EF3B0A139128}.Release|Any CPU.ActiveCfg = Release|Any CPU
		{42016D22-B859-4003-B930-EF3B0A139128}.Release|Any CPU.Build.0 = Release|Any CPU
		{42016D22-B859-4003-B930-EF3B0A139128}.Release|x64.ActiveCfg = Release|Any CPU
		{42016D22-B859-4003-B930-EF3B0A139128}.Release|x64.Build.0 = Release|Any CPU
		{42016D22-B859-4003-B930-EF3B0A139128}.Release|x86.ActiveCfg = Release|Any CPU
		{42016D22-B859-4003-B930-EF3B0A139128}.Release|x86.Build.0 = Release|Any CPU
		{42016D22-B859-4003-B930-EF3B0A139128}.RelWithDebInfo|Any CPU.ActiveCfg = Release|Any CPU
		{42016D22-B859-4003-B930-EF3B0A139128}.RelWithDebInfo|Any CPU.Build.0 = Release|Any CPU
		{42016D22-B859-4003-B930-EF3B0A139128}.RelWithDebInfo|x64.ActiveCfg = Release|Any CPU
		{42016D22-B859-4003-B930-EF3B0A139128}.RelWithDebInfo|x64.Build.0 = Release|Any CPU
		{42016D22-B859-4003-B930-EF3B0A139128}.RelWithDebInfo|x86.ActiveCfg = Release|Any CPU
		{42016D22-B859-4003-B930-EF3B0A139128}.RelWithDebInfo|x86.Build.0 = Release|Any CPU
		{0A8A4F45-A32F-4712-AF96-3C0084B46D71}.Debug|Any CPU.ActiveCfg = Debug|Any CPU
		{0A8A4F45-A32F-4712-AF96-3C0084B46D71}.Debug|Any CPU.Build.0 = Debug|Any CPU
		{0A8A4F45-A32F-4712-AF96-3C0084B46D71}.Debug|x64.ActiveCfg = Debug|Any CPU
		{0A8A4F45-A32F-4712-AF96-3C0084B46D71}.Debug|x64.Build.0 = Debug|Any CPU
		{0A8A4F45-A32F-4712-AF96-3C0084B46D71}.Debug|x86.ActiveCfg = Debug|Any CPU
		{0A8A4F45-A32F-4712-AF96-3C0084B46D71}.Debug|x86.Build.0 = Debug|Any CPU
		{0A8A4F45-A32F-4712-AF96-3C0084B46D71}.MinSizeRel|Any CPU.ActiveCfg = Release|Any CPU
		{0A8A4F45-A32F-4712-AF96-3C0084B46D71}.MinSizeRel|Any CPU.Build.0 = Release|Any CPU
		{0A8A4F45-A32F-4712-AF96-3C0084B46D71}.MinSizeRel|x64.ActiveCfg = Release|Any CPU
		{0A8A4F45-A32F-4712-AF96-3C0084B46D71}.MinSizeRel|x64.Build.0 = Release|Any CPU
		{0A8A4F45-A32F-4712-AF96-3C0084B46D71}.MinSizeRel|x86.ActiveCfg = Release|Any CPU
		{0A8A4F45-A32F-4712-AF96-3C0084B46D71}.MinSizeRel|x86.Build.0 = Release|Any CPU
		{0A8A4F45-A32F-4712-AF96-3C0084B46D71}.Release|Any CPU.ActiveCfg = Release|Any CPU
		{0A8A4F45-A32F-4712-AF96-3C0084B46D71}.Release|Any CPU.Build.0 = Release|Any CPU
		{0A8A4F45-A32F-4712-AF96-3C0084B46D71}.Release|x64.ActiveCfg = Release|Any CPU
		{0A8A4F45-A32F-4712-AF96-3C0084B46D71}.Release|x64.Build.0 = Release|Any CPU
		{0A8A4F45-A32F-4712-AF96-3C0084B46D71}.Release|x86.ActiveCfg = Release|Any CPU
		{0A8A4F45-A32F-4712-AF96-3C0084B46D71}.Release|x86.Build.0 = Release|Any CPU
		{0A8A4F45-A32F-4712-AF96-3C0084B46D71}.RelWithDebInfo|Any CPU.ActiveCfg = Release|Any CPU
		{0A8A4F45-A32F-4712-AF96-3C0084B46D71}.RelWithDebInfo|Any CPU.Build.0 = Release|Any CPU
		{0A8A4F45-A32F-4712-AF96-3C0084B46D71}.RelWithDebInfo|x64.ActiveCfg = Release|Any CPU
		{0A8A4F45-A32F-4712-AF96-3C0084B46D71}.RelWithDebInfo|x64.Build.0 = Release|Any CPU
		{0A8A4F45-A32F-4712-AF96-3C0084B46D71}.RelWithDebInfo|x86.ActiveCfg = Release|Any CPU
		{0A8A4F45-A32F-4712-AF96-3C0084B46D71}.RelWithDebInfo|x86.Build.0 = Release|Any CPU
		{7BEE25AD-364D-44AC-8B40-53FFE49CFD46}.Debug|Any CPU.ActiveCfg = Debug|Any CPU
		{7BEE25AD-364D-44AC-8B40-53FFE49CFD46}.Debug|Any CPU.Build.0 = Debug|Any CPU
		{7BEE25AD-364D-44AC-8B40-53FFE49CFD46}.Debug|x64.ActiveCfg = Debug|Any CPU
		{7BEE25AD-364D-44AC-8B40-53FFE49CFD46}.Debug|x64.Build.0 = Debug|Any CPU
		{7BEE25AD-364D-44AC-8B40-53FFE49CFD46}.Debug|x86.ActiveCfg = Debug|Any CPU
		{7BEE25AD-364D-44AC-8B40-53FFE49CFD46}.Debug|x86.Build.0 = Debug|Any CPU
		{7BEE25AD-364D-44AC-8B40-53FFE49CFD46}.MinSizeRel|Any CPU.ActiveCfg = Debug|Any CPU
		{7BEE25AD-364D-44AC-8B40-53FFE49CFD46}.MinSizeRel|Any CPU.Build.0 = Debug|Any CPU
		{7BEE25AD-364D-44AC-8B40-53FFE49CFD46}.MinSizeRel|x64.ActiveCfg = Debug|Any CPU
		{7BEE25AD-364D-44AC-8B40-53FFE49CFD46}.MinSizeRel|x64.Build.0 = Debug|Any CPU
		{7BEE25AD-364D-44AC-8B40-53FFE49CFD46}.MinSizeRel|x86.ActiveCfg = Debug|Any CPU
		{7BEE25AD-364D-44AC-8B40-53FFE49CFD46}.MinSizeRel|x86.Build.0 = Debug|Any CPU
		{7BEE25AD-364D-44AC-8B40-53FFE49CFD46}.Release|Any CPU.ActiveCfg = Release|Any CPU
		{7BEE25AD-364D-44AC-8B40-53FFE49CFD46}.Release|Any CPU.Build.0 = Release|Any CPU
		{7BEE25AD-364D-44AC-8B40-53FFE49CFD46}.Release|x64.ActiveCfg = Release|Any CPU
		{7BEE25AD-364D-44AC-8B40-53FFE49CFD46}.Release|x64.Build.0 = Release|Any CPU
		{7BEE25AD-364D-44AC-8B40-53FFE49CFD46}.Release|x86.ActiveCfg = Release|Any CPU
		{7BEE25AD-364D-44AC-8B40-53FFE49CFD46}.Release|x86.Build.0 = Release|Any CPU
		{7BEE25AD-364D-44AC-8B40-53FFE49CFD46}.RelWithDebInfo|Any CPU.ActiveCfg = Release|Any CPU
		{7BEE25AD-364D-44AC-8B40-53FFE49CFD46}.RelWithDebInfo|Any CPU.Build.0 = Release|Any CPU
		{7BEE25AD-364D-44AC-8B40-53FFE49CFD46}.RelWithDebInfo|x64.ActiveCfg = Release|Any CPU
		{7BEE25AD-364D-44AC-8B40-53FFE49CFD46}.RelWithDebInfo|x64.Build.0 = Release|Any CPU
		{7BEE25AD-364D-44AC-8B40-53FFE49CFD46}.RelWithDebInfo|x86.ActiveCfg = Release|Any CPU
		{7BEE25AD-364D-44AC-8B40-53FFE49CFD46}.RelWithDebInfo|x86.Build.0 = Release|Any CPU
		{113FEB15-EB53-4ABA-9B8D-90F5F2D17DBD}.Debug|Any CPU.ActiveCfg = Debug|Any CPU
		{113FEB15-EB53-4ABA-9B8D-90F5F2D17DBD}.Debug|Any CPU.Build.0 = Debug|Any CPU
		{113FEB15-EB53-4ABA-9B8D-90F5F2D17DBD}.Debug|x64.ActiveCfg = Debug|Any CPU
		{113FEB15-EB53-4ABA-9B8D-90F5F2D17DBD}.Debug|x64.Build.0 = Debug|Any CPU
		{113FEB15-EB53-4ABA-9B8D-90F5F2D17DBD}.Debug|x86.ActiveCfg = Debug|Any CPU
		{113FEB15-EB53-4ABA-9B8D-90F5F2D17DBD}.Debug|x86.Build.0 = Debug|Any CPU
		{113FEB15-EB53-4ABA-9B8D-90F5F2D17DBD}.MinSizeRel|Any CPU.ActiveCfg = Debug|Any CPU
		{113FEB15-EB53-4ABA-9B8D-90F5F2D17DBD}.MinSizeRel|Any CPU.Build.0 = Debug|Any CPU
		{113FEB15-EB53-4ABA-9B8D-90F5F2D17DBD}.MinSizeRel|x64.ActiveCfg = Debug|Any CPU
		{113FEB15-EB53-4ABA-9B8D-90F5F2D17DBD}.MinSizeRel|x64.Build.0 = Debug|Any CPU
		{113FEB15-EB53-4ABA-9B8D-90F5F2D17DBD}.MinSizeRel|x86.ActiveCfg = Debug|Any CPU
		{113FEB15-EB53-4ABA-9B8D-90F5F2D17DBD}.MinSizeRel|x86.Build.0 = Debug|Any CPU
		{113FEB15-EB53-4ABA-9B8D-90F5F2D17DBD}.Release|Any CPU.ActiveCfg = Release|Any CPU
		{113FEB15-EB53-4ABA-9B8D-90F5F2D17DBD}.Release|Any CPU.Build.0 = Release|Any CPU
		{113FEB15-EB53-4ABA-9B8D-90F5F2D17DBD}.Release|x64.ActiveCfg = Release|Any CPU
		{113FEB15-EB53-4ABA-9B8D-90F5F2D17DBD}.Release|x64.Build.0 = Release|Any CPU
		{113FEB15-EB53-4ABA-9B8D-90F5F2D17DBD}.Release|x86.ActiveCfg = Release|Any CPU
		{113FEB15-EB53-4ABA-9B8D-90F5F2D17DBD}.Release|x86.Build.0 = Release|Any CPU
		{113FEB15-EB53-4ABA-9B8D-90F5F2D17DBD}.RelWithDebInfo|Any CPU.ActiveCfg = Release|Any CPU
		{113FEB15-EB53-4ABA-9B8D-90F5F2D17DBD}.RelWithDebInfo|Any CPU.Build.0 = Release|Any CPU
		{113FEB15-EB53-4ABA-9B8D-90F5F2D17DBD}.RelWithDebInfo|x64.ActiveCfg = Release|Any CPU
		{113FEB15-EB53-4ABA-9B8D-90F5F2D17DBD}.RelWithDebInfo|x64.Build.0 = Release|Any CPU
		{113FEB15-EB53-4ABA-9B8D-90F5F2D17DBD}.RelWithDebInfo|x86.ActiveCfg = Release|Any CPU
		{113FEB15-EB53-4ABA-9B8D-90F5F2D17DBD}.RelWithDebInfo|x86.Build.0 = Release|Any CPU
		{56E351E6-979C-4D9E-B313-512E22EDE119}.Debug|Any CPU.ActiveCfg = Debug|Any CPU
		{56E351E6-979C-4D9E-B313-512E22EDE119}.Debug|Any CPU.Build.0 = Debug|Any CPU
		{56E351E6-979C-4D9E-B313-512E22EDE119}.Debug|x64.ActiveCfg = Debug|Any CPU
		{56E351E6-979C-4D9E-B313-512E22EDE119}.Debug|x64.Build.0 = Debug|Any CPU
		{56E351E6-979C-4D9E-B313-512E22EDE119}.Debug|x86.ActiveCfg = Debug|Any CPU
		{56E351E6-979C-4D9E-B313-512E22EDE119}.Debug|x86.Build.0 = Debug|Any CPU
		{56E351E6-979C-4D9E-B313-512E22EDE119}.MinSizeRel|Any CPU.ActiveCfg = Debug|Any CPU
		{56E351E6-979C-4D9E-B313-512E22EDE119}.MinSizeRel|Any CPU.Build.0 = Debug|Any CPU
		{56E351E6-979C-4D9E-B313-512E22EDE119}.MinSizeRel|x64.ActiveCfg = Debug|Any CPU
		{56E351E6-979C-4D9E-B313-512E22EDE119}.MinSizeRel|x64.Build.0 = Debug|Any CPU
		{56E351E6-979C-4D9E-B313-512E22EDE119}.MinSizeRel|x86.ActiveCfg = Debug|Any CPU
		{56E351E6-979C-4D9E-B313-512E22EDE119}.MinSizeRel|x86.Build.0 = Debug|Any CPU
		{56E351E6-979C-4D9E-B313-512E22EDE119}.Release|Any CPU.ActiveCfg = Release|Any CPU
		{56E351E6-979C-4D9E-B313-512E22EDE119}.Release|Any CPU.Build.0 = Release|Any CPU
		{56E351E6-979C-4D9E-B313-512E22EDE119}.Release|x64.ActiveCfg = Release|Any CPU
		{56E351E6-979C-4D9E-B313-512E22EDE119}.Release|x64.Build.0 = Release|Any CPU
		{56E351E6-979C-4D9E-B313-512E22EDE119}.Release|x86.ActiveCfg = Release|Any CPU
		{56E351E6-979C-4D9E-B313-512E22EDE119}.Release|x86.Build.0 = Release|Any CPU
		{56E351E6-979C-4D9E-B313-512E22EDE119}.RelWithDebInfo|Any CPU.ActiveCfg = Release|Any CPU
		{56E351E6-979C-4D9E-B313-512E22EDE119}.RelWithDebInfo|Any CPU.Build.0 = Release|Any CPU
		{56E351E6-979C-4D9E-B313-512E22EDE119}.RelWithDebInfo|x64.ActiveCfg = Release|Any CPU
		{56E351E6-979C-4D9E-B313-512E22EDE119}.RelWithDebInfo|x64.Build.0 = Release|Any CPU
		{56E351E6-979C-4D9E-B313-512E22EDE119}.RelWithDebInfo|x86.ActiveCfg = Release|Any CPU
		{56E351E6-979C-4D9E-B313-512E22EDE119}.RelWithDebInfo|x86.Build.0 = Release|Any CPU
		{08823AD6-5AF2-492B-B108-667DEF3F48EA}.Debug|Any CPU.ActiveCfg = Debug|Any CPU
		{08823AD6-5AF2-492B-B108-667DEF3F48EA}.Debug|Any CPU.Build.0 = Debug|Any CPU
		{08823AD6-5AF2-492B-B108-667DEF3F48EA}.Debug|x64.ActiveCfg = Debug|Any CPU
		{08823AD6-5AF2-492B-B108-667DEF3F48EA}.Debug|x64.Build.0 = Debug|Any CPU
		{08823AD6-5AF2-492B-B108-667DEF3F48EA}.Debug|x86.ActiveCfg = Debug|Any CPU
		{08823AD6-5AF2-492B-B108-667DEF3F48EA}.Debug|x86.Build.0 = Debug|Any CPU
		{08823AD6-5AF2-492B-B108-667DEF3F48EA}.MinSizeRel|Any CPU.ActiveCfg = Debug|Any CPU
		{08823AD6-5AF2-492B-B108-667DEF3F48EA}.MinSizeRel|Any CPU.Build.0 = Debug|Any CPU
		{08823AD6-5AF2-492B-B108-667DEF3F48EA}.MinSizeRel|x64.ActiveCfg = Debug|Any CPU
		{08823AD6-5AF2-492B-B108-667DEF3F48EA}.MinSizeRel|x64.Build.0 = Debug|Any CPU
		{08823AD6-5AF2-492B-B108-667DEF3F48EA}.MinSizeRel|x86.ActiveCfg = Debug|Any CPU
		{08823AD6-5AF2-492B-B108-667DEF3F48EA}.MinSizeRel|x86.Build.0 = Debug|Any CPU
		{08823AD6-5AF2-492B-B108-667DEF3F48EA}.Release|Any CPU.ActiveCfg = Release|Any CPU
		{08823AD6-5AF2-492B-B108-667DEF3F48EA}.Release|Any CPU.Build.0 = Release|Any CPU
		{08823AD6-5AF2-492B-B108-667DEF3F48EA}.Release|x64.ActiveCfg = Release|Any CPU
		{08823AD6-5AF2-492B-B108-667DEF3F48EA}.Release|x64.Build.0 = Release|Any CPU
		{08823AD6-5AF2-492B-B108-667DEF3F48EA}.Release|x86.ActiveCfg = Release|Any CPU
		{08823AD6-5AF2-492B-B108-667DEF3F48EA}.Release|x86.Build.0 = Release|Any CPU
		{08823AD6-5AF2-492B-B108-667DEF3F48EA}.RelWithDebInfo|Any CPU.ActiveCfg = Release|Any CPU
		{08823AD6-5AF2-492B-B108-667DEF3F48EA}.RelWithDebInfo|Any CPU.Build.0 = Release|Any CPU
		{08823AD6-5AF2-492B-B108-667DEF3F48EA}.RelWithDebInfo|x64.ActiveCfg = Release|Any CPU
		{08823AD6-5AF2-492B-B108-667DEF3F48EA}.RelWithDebInfo|x64.Build.0 = Release|Any CPU
		{08823AD6-5AF2-492B-B108-667DEF3F48EA}.RelWithDebInfo|x86.ActiveCfg = Release|Any CPU
		{08823AD6-5AF2-492B-B108-667DEF3F48EA}.RelWithDebInfo|x86.Build.0 = Release|Any CPU
		{30BAB08C-2DEE-46F0-AFA5-A8F758DC761D}.Debug|Any CPU.ActiveCfg = Debug|Any CPU
		{30BAB08C-2DEE-46F0-AFA5-A8F758DC761D}.Debug|Any CPU.Build.0 = Debug|Any CPU
		{30BAB08C-2DEE-46F0-AFA5-A8F758DC761D}.Debug|x64.ActiveCfg = Debug|Any CPU
		{30BAB08C-2DEE-46F0-AFA5-A8F758DC761D}.Debug|x64.Build.0 = Debug|Any CPU
		{30BAB08C-2DEE-46F0-AFA5-A8F758DC761D}.Debug|x86.ActiveCfg = Debug|Any CPU
		{30BAB08C-2DEE-46F0-AFA5-A8F758DC761D}.Debug|x86.Build.0 = Debug|Any CPU
		{30BAB08C-2DEE-46F0-AFA5-A8F758DC761D}.MinSizeRel|Any CPU.ActiveCfg = Debug|Any CPU
		{30BAB08C-2DEE-46F0-AFA5-A8F758DC761D}.MinSizeRel|Any CPU.Build.0 = Debug|Any CPU
		{30BAB08C-2DEE-46F0-AFA5-A8F758DC761D}.MinSizeRel|x64.ActiveCfg = Debug|Any CPU
		{30BAB08C-2DEE-46F0-AFA5-A8F758DC761D}.MinSizeRel|x64.Build.0 = Debug|Any CPU
		{30BAB08C-2DEE-46F0-AFA5-A8F758DC761D}.MinSizeRel|x86.ActiveCfg = Debug|Any CPU
		{30BAB08C-2DEE-46F0-AFA5-A8F758DC761D}.MinSizeRel|x86.Build.0 = Debug|Any CPU
		{30BAB08C-2DEE-46F0-AFA5-A8F758DC761D}.Release|Any CPU.ActiveCfg = Release|Any CPU
		{30BAB08C-2DEE-46F0-AFA5-A8F758DC761D}.Release|Any CPU.Build.0 = Release|Any CPU
		{30BAB08C-2DEE-46F0-AFA5-A8F758DC761D}.Release|x64.ActiveCfg = Release|Any CPU
		{30BAB08C-2DEE-46F0-AFA5-A8F758DC761D}.Release|x64.Build.0 = Release|Any CPU
		{30BAB08C-2DEE-46F0-AFA5-A8F758DC761D}.Release|x86.ActiveCfg = Release|Any CPU
		{30BAB08C-2DEE-46F0-AFA5-A8F758DC761D}.Release|x86.Build.0 = Release|Any CPU
		{30BAB08C-2DEE-46F0-AFA5-A8F758DC761D}.RelWithDebInfo|Any CPU.ActiveCfg = Release|Any CPU
		{30BAB08C-2DEE-46F0-AFA5-A8F758DC761D}.RelWithDebInfo|Any CPU.Build.0 = Release|Any CPU
		{30BAB08C-2DEE-46F0-AFA5-A8F758DC761D}.RelWithDebInfo|x64.ActiveCfg = Release|Any CPU
		{30BAB08C-2DEE-46F0-AFA5-A8F758DC761D}.RelWithDebInfo|x64.Build.0 = Release|Any CPU
		{30BAB08C-2DEE-46F0-AFA5-A8F758DC761D}.RelWithDebInfo|x86.ActiveCfg = Release|Any CPU
		{30BAB08C-2DEE-46F0-AFA5-A8F758DC761D}.RelWithDebInfo|x86.Build.0 = Release|Any CPU
		{57EE5316-08CA-4C12-9786-2D32A1E13BF1}.Debug|Any CPU.ActiveCfg = Debug|Any CPU
		{57EE5316-08CA-4C12-9786-2D32A1E13BF1}.Debug|Any CPU.Build.0 = Debug|Any CPU
		{57EE5316-08CA-4C12-9786-2D32A1E13BF1}.Debug|x64.ActiveCfg = Debug|Any CPU
		{57EE5316-08CA-4C12-9786-2D32A1E13BF1}.Debug|x64.Build.0 = Debug|Any CPU
		{57EE5316-08CA-4C12-9786-2D32A1E13BF1}.Debug|x86.ActiveCfg = Debug|Any CPU
		{57EE5316-08CA-4C12-9786-2D32A1E13BF1}.Debug|x86.Build.0 = Debug|Any CPU
		{57EE5316-08CA-4C12-9786-2D32A1E13BF1}.MinSizeRel|Any CPU.ActiveCfg = Debug|Any CPU
		{57EE5316-08CA-4C12-9786-2D32A1E13BF1}.MinSizeRel|Any CPU.Build.0 = Debug|Any CPU
		{57EE5316-08CA-4C12-9786-2D32A1E13BF1}.MinSizeRel|x64.ActiveCfg = Debug|Any CPU
		{57EE5316-08CA-4C12-9786-2D32A1E13BF1}.MinSizeRel|x64.Build.0 = Debug|Any CPU
		{57EE5316-08CA-4C12-9786-2D32A1E13BF1}.MinSizeRel|x86.ActiveCfg = Debug|Any CPU
		{57EE5316-08CA-4C12-9786-2D32A1E13BF1}.MinSizeRel|x86.Build.0 = Debug|Any CPU
		{57EE5316-08CA-4C12-9786-2D32A1E13BF1}.Release|Any CPU.ActiveCfg = Release|Any CPU
		{57EE5316-08CA-4C12-9786-2D32A1E13BF1}.Release|Any CPU.Build.0 = Release|Any CPU
		{57EE5316-08CA-4C12-9786-2D32A1E13BF1}.Release|x64.ActiveCfg = Release|Any CPU
		{57EE5316-08CA-4C12-9786-2D32A1E13BF1}.Release|x64.Build.0 = Release|Any CPU
		{57EE5316-08CA-4C12-9786-2D32A1E13BF1}.Release|x86.ActiveCfg = Release|Any CPU
		{57EE5316-08CA-4C12-9786-2D32A1E13BF1}.Release|x86.Build.0 = Release|Any CPU
		{57EE5316-08CA-4C12-9786-2D32A1E13BF1}.RelWithDebInfo|Any CPU.ActiveCfg = Release|Any CPU
		{57EE5316-08CA-4C12-9786-2D32A1E13BF1}.RelWithDebInfo|Any CPU.Build.0 = Release|Any CPU
		{57EE5316-08CA-4C12-9786-2D32A1E13BF1}.RelWithDebInfo|x64.ActiveCfg = Release|Any CPU
		{57EE5316-08CA-4C12-9786-2D32A1E13BF1}.RelWithDebInfo|x64.Build.0 = Release|Any CPU
		{57EE5316-08CA-4C12-9786-2D32A1E13BF1}.RelWithDebInfo|x86.ActiveCfg = Release|Any CPU
		{57EE5316-08CA-4C12-9786-2D32A1E13BF1}.RelWithDebInfo|x86.Build.0 = Release|Any CPU
		{13E3FB0D-47D6-4C80-8379-8BD1F3DC7253}.Debug|Any CPU.ActiveCfg = Debug|Any CPU
		{13E3FB0D-47D6-4C80-8379-8BD1F3DC7253}.Debug|Any CPU.Build.0 = Debug|Any CPU
		{13E3FB0D-47D6-4C80-8379-8BD1F3DC7253}.Debug|x64.ActiveCfg = Debug|Any CPU
		{13E3FB0D-47D6-4C80-8379-8BD1F3DC7253}.Debug|x64.Build.0 = Debug|Any CPU
		{13E3FB0D-47D6-4C80-8379-8BD1F3DC7253}.Debug|x86.ActiveCfg = Debug|Any CPU
		{13E3FB0D-47D6-4C80-8379-8BD1F3DC7253}.Debug|x86.Build.0 = Debug|Any CPU
		{13E3FB0D-47D6-4C80-8379-8BD1F3DC7253}.MinSizeRel|Any CPU.ActiveCfg = Debug|Any CPU
		{13E3FB0D-47D6-4C80-8379-8BD1F3DC7253}.MinSizeRel|Any CPU.Build.0 = Debug|Any CPU
		{13E3FB0D-47D6-4C80-8379-8BD1F3DC7253}.MinSizeRel|x64.ActiveCfg = Debug|Any CPU
		{13E3FB0D-47D6-4C80-8379-8BD1F3DC7253}.MinSizeRel|x64.Build.0 = Debug|Any CPU
		{13E3FB0D-47D6-4C80-8379-8BD1F3DC7253}.MinSizeRel|x86.ActiveCfg = Debug|Any CPU
		{13E3FB0D-47D6-4C80-8379-8BD1F3DC7253}.MinSizeRel|x86.Build.0 = Debug|Any CPU
		{13E3FB0D-47D6-4C80-8379-8BD1F3DC7253}.Release|Any CPU.ActiveCfg = Release|Any CPU
		{13E3FB0D-47D6-4C80-8379-8BD1F3DC7253}.Release|Any CPU.Build.0 = Release|Any CPU
		{13E3FB0D-47D6-4C80-8379-8BD1F3DC7253}.Release|x64.ActiveCfg = Release|Any CPU
		{13E3FB0D-47D6-4C80-8379-8BD1F3DC7253}.Release|x64.Build.0 = Release|Any CPU
		{13E3FB0D-47D6-4C80-8379-8BD1F3DC7253}.Release|x86.ActiveCfg = Release|Any CPU
		{13E3FB0D-47D6-4C80-8379-8BD1F3DC7253}.Release|x86.Build.0 = Release|Any CPU
		{13E3FB0D-47D6-4C80-8379-8BD1F3DC7253}.RelWithDebInfo|Any CPU.ActiveCfg = Release|Any CPU
		{13E3FB0D-47D6-4C80-8379-8BD1F3DC7253}.RelWithDebInfo|Any CPU.Build.0 = Release|Any CPU
		{13E3FB0D-47D6-4C80-8379-8BD1F3DC7253}.RelWithDebInfo|x64.ActiveCfg = Release|Any CPU
		{13E3FB0D-47D6-4C80-8379-8BD1F3DC7253}.RelWithDebInfo|x64.Build.0 = Release|Any CPU
		{13E3FB0D-47D6-4C80-8379-8BD1F3DC7253}.RelWithDebInfo|x86.ActiveCfg = Release|Any CPU
		{13E3FB0D-47D6-4C80-8379-8BD1F3DC7253}.RelWithDebInfo|x86.Build.0 = Release|Any CPU
		{D35F9742-EBD0-440C-8201-7E8FA9249D5D}.Debug|Any CPU.ActiveCfg = Debug|Any CPU
		{D35F9742-EBD0-440C-8201-7E8FA9249D5D}.Debug|Any CPU.Build.0 = Debug|Any CPU
		{D35F9742-EBD0-440C-8201-7E8FA9249D5D}.Debug|x64.ActiveCfg = Debug|Any CPU
		{D35F9742-EBD0-440C-8201-7E8FA9249D5D}.Debug|x64.Build.0 = Debug|Any CPU
		{D35F9742-EBD0-440C-8201-7E8FA9249D5D}.Debug|x86.ActiveCfg = Debug|Any CPU
		{D35F9742-EBD0-440C-8201-7E8FA9249D5D}.Debug|x86.Build.0 = Debug|Any CPU
		{D35F9742-EBD0-440C-8201-7E8FA9249D5D}.MinSizeRel|Any CPU.ActiveCfg = Debug|Any CPU
		{D35F9742-EBD0-440C-8201-7E8FA9249D5D}.MinSizeRel|Any CPU.Build.0 = Debug|Any CPU
		{D35F9742-EBD0-440C-8201-7E8FA9249D5D}.MinSizeRel|x64.ActiveCfg = Debug|Any CPU
		{D35F9742-EBD0-440C-8201-7E8FA9249D5D}.MinSizeRel|x64.Build.0 = Debug|Any CPU
		{D35F9742-EBD0-440C-8201-7E8FA9249D5D}.MinSizeRel|x86.ActiveCfg = Debug|Any CPU
		{D35F9742-EBD0-440C-8201-7E8FA9249D5D}.MinSizeRel|x86.Build.0 = Debug|Any CPU
		{D35F9742-EBD0-440C-8201-7E8FA9249D5D}.Release|Any CPU.ActiveCfg = Release|Any CPU
		{D35F9742-EBD0-440C-8201-7E8FA9249D5D}.Release|Any CPU.Build.0 = Release|Any CPU
		{D35F9742-EBD0-440C-8201-7E8FA9249D5D}.Release|x64.ActiveCfg = Release|Any CPU
		{D35F9742-EBD0-440C-8201-7E8FA9249D5D}.Release|x64.Build.0 = Release|Any CPU
		{D35F9742-EBD0-440C-8201-7E8FA9249D5D}.Release|x86.ActiveCfg = Release|Any CPU
		{D35F9742-EBD0-440C-8201-7E8FA9249D5D}.Release|x86.Build.0 = Release|Any CPU
		{D35F9742-EBD0-440C-8201-7E8FA9249D5D}.RelWithDebInfo|Any CPU.ActiveCfg = Release|Any CPU
		{D35F9742-EBD0-440C-8201-7E8FA9249D5D}.RelWithDebInfo|Any CPU.Build.0 = Release|Any CPU
		{D35F9742-EBD0-440C-8201-7E8FA9249D5D}.RelWithDebInfo|x64.ActiveCfg = Release|Any CPU
		{D35F9742-EBD0-440C-8201-7E8FA9249D5D}.RelWithDebInfo|x64.Build.0 = Release|Any CPU
		{D35F9742-EBD0-440C-8201-7E8FA9249D5D}.RelWithDebInfo|x86.ActiveCfg = Release|Any CPU
		{D35F9742-EBD0-440C-8201-7E8FA9249D5D}.RelWithDebInfo|x86.Build.0 = Release|Any CPU
	EndGlobalSection
	GlobalSection(SolutionProperties) = preSolution
		HideSolutionNode = FALSE
	EndGlobalSection
	GlobalSection(ExtensibilityGlobals) = postSolution
		SolutionGuid = {54322519-C73B-44BC-A71E-5F853C224D52}
	EndGlobalSection
EndGlobal
