
Microsoft Visual Studio Solution File, Format Version 12.00
# Visual Studio Version 17
VisualStudioVersion = 17.4.33205.214
MinimumVisualStudioVersion = 10.0.40219.1
Project("{FAE04EC0-301F-11D3-BF4B-00C04F79EFBC}") = "Lab1.ConsoleApp", "Lab1.ConsoleApp\Lab1.ConsoleApp.csproj", "{B725312D-F79F-4380-BF94-E6E645F2D86E}"
EndProject
Project("{FAE04EC0-301F-11D3-BF4B-00C04F79EFBC}") = "Lab1.RayTracer", "Lab1.RayTracer\Lab1.RayTracer.csproj", "{42016D22-B859-4003-B930-EF3B0A139128}"
EndProject
Project("{FAE04EC0-301F-11D3-BF4B-00C04F79EFBC}") = "Lab1.RayTracer.Tests", "Lab1.RayTracer.Tests\Lab1.RayTracer.Tests.csproj", "{0A8A4F45-A32F-4712-AF96-3C0084B46D71}"
EndProject
Global
	GlobalSection(SolutionConfigurationPlatforms) = preSolution
		Debug|Any CPU = Debug|Any CPU
		Release|Any CPU = Release|Any CPU
	EndGlobalSection
	GlobalSection(ProjectConfigurationPlatforms) = postSolution
		{B725312D-F79F-4380-BF94-E6E645F2D86E}.Debug|Any CPU.ActiveCfg = Debug|Any CPU
		{B725312D-F79F-4380-BF94-E6E645F2D86E}.Debug|Any CPU.Build.0 = Debug|Any CPU
		{B725312D-F79F-4380-BF94-E6E645F2D86E}.Release|Any CPU.ActiveCfg = Release|Any CPU
		{B725312D-F79F-4380-BF94-E6E645F2D86E}.Release|Any CPU.Build.0 = Release|Any CPU
		{42016D22-B859-4003-B930-EF3B0A139128}.Debug|Any CPU.ActiveCfg = Debug|Any CPU
		{42016D22-B859-4003-B930-EF3B0A139128}.Debug|Any CPU.Build.0 = Debug|Any CPU
		{42016D22-B859-4003-B930-EF3B0A139128}.Release|Any CPU.ActiveCfg = Release|Any CPU
		{42016D22-B859-4003-B930-EF3B0A139128}.Release|Any CPU.Build.0 = Release|Any CPU
		{0A8A4F45-A32F-4712-AF96-3C0084B46D71}.Debug|Any CPU.ActiveCfg = Debug|Any CPU
		{0A8A4F45-A32F-4712-AF96-3C0084B46D71}.Debug|Any CPU.Build.0 = Debug|Any CPU
		{0A8A4F45-A32F-4712-AF96-3C0084B46D71}.Release|Any CPU.ActiveCfg = Release|Any CPU
		{0A8A4F45-A32F-4712-AF96-3C0084B46D71}.Release|Any CPU.Build.0 = Release|Any CPU
	EndGlobalSection
	GlobalSection(SolutionProperties) = preSolution
		HideSolutionNode = FALSE
	EndGlobalSection
	GlobalSection(ExtensibilityGlobals) = postSolution
		SolutionGuid = {54322519-C73B-44BC-A71E-5F853C224D52}
	EndGlobalSection
EndGlobal
