
Microsoft Visual Studio Solution File, Format Version 12.00
# Visual Studio Version 17
VisualStudioVersion = 17.4.33205.214
MinimumVisualStudioVersion = 10.0.40219.1
Project("{9A19103F-16F7-4668-BE54-9A1E7A4F7556}") = "Lab1.ConsoleApp", "Lab1.ConsoleApp\Lab1.ConsoleApp.csproj", "{B725312D-F79F-4380-BF94-E6E645F2D86E}"
EndProject
Project("{9A19103F-16F7-4668-BE54-9A1E7A4F7556}") = "Lab1.RayTracer", "Lab1.RayTracer\Lab1.RayTracer.csproj", "{42016D22-B859-4003-B930-EF3B0A139128}"
EndProject
Project("{9A19103F-16F7-4668-BE54-9A1E7A4F7556}") = "Lab1.RayTracer.Tests", "Lab1.RayTracer.Tests\Lab1.RayTracer.Tests.csproj", "{0A8A4F45-A32F-4712-AF96-3C0084B46D71}"
EndProject
Project("{2150E333-8FDC-42A3-9474-1A3956D46DE8}") = "Solution Items", "Solution Items", "{86670C21-C026-46E2-905C-DD67C17CE758}"
	ProjectSection(SolutionItems) = preProject
		..\.gitignore = ..\.gitignore
		README.md = README.md
	EndProjectSection
EndProject
Project("{8BC9CEB8-8B4A-11D0-8D11-00A0C91BC942}") = "Lab2.ImageConverterCoreWrapper", "Lab2.ImageConverterCoreWrapper\Lab2.ImageConverterCoreWrapper.vcxproj", "{0057A713-E46A-4F91-B79D-FA446F2CD118}"
EndProject
Project("{FAE04EC0-301F-11D3-BF4B-00C04F79EFBC}") = "Lab2.ImageConverter", "Lab2.ImageConverter\Lab2.ImageConverter.csproj", "{9588EE65-7DB5-4279-82E4-46FA9FBA7D29}"
EndProject
Global
	GlobalSection(SolutionConfigurationPlatforms) = preSolution
		Debug|Any CPU = Debug|Any CPU
		Debug|x64 = Debug|x64
		Debug|x86 = Debug|x86
		MinSizeRel|Any CPU = MinSizeRel|Any CPU
		MinSizeRel|x64 = MinSizeRel|x64
		MinSizeRel|x86 = MinSizeRel|x86
		Release|Any CPU = Release|Any CPU
		Release|x64 = Release|x64
		Release|x86 = Release|x86
		RelWithDebInfo|Any CPU = RelWithDebInfo|Any CPU
		RelWithDebInfo|x64 = RelWithDebInfo|x64
		RelWithDebInfo|x86 = RelWithDebInfo|x86
	EndGlobalSection
	GlobalSection(ProjectConfigurationPlatforms) = postSolution
		{B725312D-F79F-4380-BF94-E6E645F2D86E}.Debug|Any CPU.ActiveCfg = Debug|Any CPU
		{B725312D-F79F-4380-BF94-E6E645F2D86E}.Debug|Any CPU.Build.0 = Debug|Any CPU
		{B725312D-F79F-4380-BF94-E6E645F2D86E}.Debug|x64.ActiveCfg = Debug|Any CPU
		{B725312D-F79F-4380-BF94-E6E645F2D86E}.Debug|x64.Build.0 = Debug|Any CPU
		{B725312D-F79F-4380-BF94-E6E645F2D86E}.Debug|x86.ActiveCfg = Debug|Any CPU
		{B725312D-F79F-4380-BF94-E6E645F2D86E}.Debug|x86.Build.0 = Debug|Any CPU
		{B725312D-F79F-4380-BF94-E6E645F2D86E}.MinSizeRel|Any CPU.ActiveCfg = Release|Any CPU
		{B725312D-F79F-4380-BF94-E6E645F2D86E}.MinSizeRel|Any CPU.Build.0 = Release|Any CPU
		{B725312D-F79F-4380-BF94-E6E645F2D86E}.MinSizeRel|x64.ActiveCfg = Release|Any CPU
		{B725312D-F79F-4380-BF94-E6E645F2D86E}.MinSizeRel|x64.Build.0 = Release|Any CPU
		{B725312D-F79F-4380-BF94-E6E645F2D86E}.MinSizeRel|x86.ActiveCfg = Release|Any CPU
		{B725312D-F79F-4380-BF94-E6E645F2D86E}.MinSizeRel|x86.Build.0 = Release|Any CPU
		{B725312D-F79F-4380-BF94-E6E645F2D86E}.Release|Any CPU.ActiveCfg = Release|Any CPU
		{B725312D-F79F-4380-BF94-E6E645F2D86E}.Release|Any CPU.Build.0 = Release|Any CPU
		{B725312D-F79F-4380-BF94-E6E645F2D86E}.Release|x64.ActiveCfg = Release|Any CPU
		{B725312D-F79F-4380-BF94-E6E645F2D86E}.Release|x64.Build.0 = Release|Any CPU
		{B725312D-F79F-4380-BF94-E6E645F2D86E}.Release|x86.ActiveCfg = Release|Any CPU
		{B725312D-F79F-4380-BF94-E6E645F2D86E}.Release|x86.Build.0 = Release|Any CPU
		{B725312D-F79F-4380-BF94-E6E645F2D86E}.RelWithDebInfo|Any CPU.ActiveCfg = Release|Any CPU
		{B725312D-F79F-4380-BF94-E6E645F2D86E}.RelWithDebInfo|Any CPU.Build.0 = Release|Any CPU
		{B725312D-F79F-4380-BF94-E6E645F2D86E}.RelWithDebInfo|x64.ActiveCfg = Release|Any CPU
		{B725312D-F79F-4380-BF94-E6E645F2D86E}.RelWithDebInfo|x64.Build.0 = Release|Any CPU
		{B725312D-F79F-4380-BF94-E6E645F2D86E}.RelWithDebInfo|x86.ActiveCfg = Release|Any CPU
		{B725312D-F79F-4380-BF94-E6E645F2D86E}.RelWithDebInfo|x86.Build.0 = Release|Any CPU
		{42016D22-B859-4003-B930-EF3B0A139128}.Debug|Any CPU.ActiveCfg = Debug|Any CPU
		{42016D22-B859-4003-B930-EF3B0A139128}.Debug|Any CPU.Build.0 = Debug|Any CPU
		{42016D22-B859-4003-B930-EF3B0A139128}.Debug|x64.ActiveCfg = Debug|Any CPU
		{42016D22-B859-4003-B930-EF3B0A139128}.Debug|x64.Build.0 = Debug|Any CPU
		{42016D22-B859-4003-B930-EF3B0A139128}.Debug|x86.ActiveCfg = Debug|Any CPU
		{42016D22-B859-4003-B930-EF3B0A139128}.Debug|x86.Build.0 = Debug|Any CPU
		{42016D22-B859-4003-B930-EF3B0A139128}.MinSizeRel|Any CPU.ActiveCfg = Release|Any CPU
		{42016D22-B859-4003-B930-EF3B0A139128}.MinSizeRel|Any CPU.Build.0 = Release|Any CPU
		{42016D22-B859-4003-B930-EF3B0A139128}.MinSizeRel|x64.ActiveCfg = Release|Any CPU
		{42016D22-B859-4003-B930-EF3B0A139128}.MinSizeRel|x64.Build.0 = Release|Any CPU
		{42016D22-B859-4003-B930-EF3B0A139128}.MinSizeRel|x86.ActiveCfg = Release|Any CPU
		{42016D22-B859-4003-B930-EF3B0A139128}.MinSizeRel|x86.Build.0 = Release|Any CPU
		{42016D22-B859-4003-B930-EF3B0A139128}.Release|Any CPU.ActiveCfg = Release|Any CPU
		{42016D22-B859-4003-B930-EF3B0A139128}.Release|Any CPU.Build.0 = Release|Any CPU
		{42016D22-B859-4003-B930-EF3B0A139128}.Release|x64.ActiveCfg = Release|Any CPU
		{42016D22-B859-4003-B930-EF3B0A139128}.Release|x64.Build.0 = Release|Any CPU
		{42016D22-B859-4003-B930-EF3B0A139128}.Release|x86.ActiveCfg = Release|Any CPU
		{42016D22-B859-4003-B930-EF3B0A139128}.Release|x86.Build.0 = Release|Any CPU
		{42016D22-B859-4003-B930-EF3B0A139128}.RelWithDebInfo|Any CPU.ActiveCfg = Release|Any CPU
		{42016D22-B859-4003-B930-EF3B0A139128}.RelWithDebInfo|Any CPU.Build.0 = Release|Any CPU
		{42016D22-B859-4003-B930-EF3B0A139128}.RelWithDebInfo|x64.ActiveCfg = Release|Any CPU
		{42016D22-B859-4003-B930-EF3B0A139128}.RelWithDebInfo|x64.Build.0 = Release|Any CPU
		{42016D22-B859-4003-B930-EF3B0A139128}.RelWithDebInfo|x86.ActiveCfg = Release|Any CPU
		{42016D22-B859-4003-B930-EF3B0A139128}.RelWithDebInfo|x86.Build.0 = Release|Any CPU
		{0A8A4F45-A32F-4712-AF96-3C0084B46D71}.Debug|Any CPU.ActiveCfg = Debug|Any CPU
		{0A8A4F45-A32F-4712-AF96-3C0084B46D71}.Debug|Any CPU.Build.0 = Debug|Any CPU
		{0A8A4F45-A32F-4712-AF96-3C0084B46D71}.Debug|x64.ActiveCfg = Debug|Any CPU
		{0A8A4F45-A32F-4712-AF96-3C0084B46D71}.Debug|x64.Build.0 = Debug|Any CPU
		{0A8A4F45-A32F-4712-AF96-3C0084B46D71}.Debug|x86.ActiveCfg = Debug|Any CPU
		{0A8A4F45-A32F-4712-AF96-3C0084B46D71}.Debug|x86.Build.0 = Debug|Any CPU
		{0A8A4F45-A32F-4712-AF96-3C0084B46D71}.MinSizeRel|Any CPU.ActiveCfg = Release|Any CPU
		{0A8A4F45-A32F-4712-AF96-3C0084B46D71}.MinSizeRel|Any CPU.Build.0 = Release|Any CPU
		{0A8A4F45-A32F-4712-AF96-3C0084B46D71}.MinSizeRel|x64.ActiveCfg = Release|Any CPU
		{0A8A4F45-A32F-4712-AF96-3C0084B46D71}.MinSizeRel|x64.Build.0 = Release|Any CPU
		{0A8A4F45-A32F-4712-AF96-3C0084B46D71}.MinSizeRel|x86.ActiveCfg = Release|Any CPU
		{0A8A4F45-A32F-4712-AF96-3C0084B46D71}.MinSizeRel|x86.Build.0 = Release|Any CPU
		{0A8A4F45-A32F-4712-AF96-3C0084B46D71}.Release|Any CPU.ActiveCfg = Release|Any CPU
		{0A8A4F45-A32F-4712-AF96-3C0084B46D71}.Release|Any CPU.Build.0 = Release|Any CPU
		{0A8A4F45-A32F-4712-AF96-3C0084B46D71}.Release|x64.ActiveCfg = Release|Any CPU
		{0A8A4F45-A32F-4712-AF96-3C0084B46D71}.Release|x64.Build.0 = Release|Any CPU
		{0A8A4F45-A32F-4712-AF96-3C0084B46D71}.Release|x86.ActiveCfg = Release|Any CPU
		{0A8A4F45-A32F-4712-AF96-3C0084B46D71}.Release|x86.Build.0 = Release|Any CPU
		{0A8A4F45-A32F-4712-AF96-3C0084B46D71}.RelWithDebInfo|Any CPU.ActiveCfg = Release|Any CPU
		{0A8A4F45-A32F-4712-AF96-3C0084B46D71}.RelWithDebInfo|Any CPU.Build.0 = Release|Any CPU
		{0A8A4F45-A32F-4712-AF96-3C0084B46D71}.RelWithDebInfo|x64.ActiveCfg = Release|Any CPU
		{0A8A4F45-A32F-4712-AF96-3C0084B46D71}.RelWithDebInfo|x64.Build.0 = Release|Any CPU
		{0A8A4F45-A32F-4712-AF96-3C0084B46D71}.RelWithDebInfo|x86.ActiveCfg = Release|Any CPU
		{0A8A4F45-A32F-4712-AF96-3C0084B46D71}.RelWithDebInfo|x86.Build.0 = Release|Any CPU
		{0057A713-E46A-4F91-B79D-FA446F2CD118}.Debug|Any CPU.ActiveCfg = Debug|x64
		{0057A713-E46A-4F91-B79D-FA446F2CD118}.Debug|Any CPU.Build.0 = Debug|x64
		{0057A713-E46A-4F91-B79D-FA446F2CD118}.Debug|x64.ActiveCfg = Debug|x64
		{0057A713-E46A-4F91-B79D-FA446F2CD118}.Debug|x64.Build.0 = Debug|x64
		{0057A713-E46A-4F91-B79D-FA446F2CD118}.Debug|x86.ActiveCfg = Debug|Win32
		{0057A713-E46A-4F91-B79D-FA446F2CD118}.Debug|x86.Build.0 = Debug|Win32
		{0057A713-E46A-4F91-B79D-FA446F2CD118}.MinSizeRel|Any CPU.ActiveCfg = Release|x64
		{0057A713-E46A-4F91-B79D-FA446F2CD118}.MinSizeRel|Any CPU.Build.0 = Release|x64
		{0057A713-E46A-4F91-B79D-FA446F2CD118}.MinSizeRel|x64.ActiveCfg = Release|x64
		{0057A713-E46A-4F91-B79D-FA446F2CD118}.MinSizeRel|x64.Build.0 = Release|x64
		{0057A713-E46A-4F91-B79D-FA446F2CD118}.MinSizeRel|x86.ActiveCfg = Release|Win32
		{0057A713-E46A-4F91-B79D-FA446F2CD118}.MinSizeRel|x86.Build.0 = Release|Win32
		{0057A713-E46A-4F91-B79D-FA446F2CD118}.Release|Any CPU.ActiveCfg = Release|x64
		{0057A713-E46A-4F91-B79D-FA446F2CD118}.Release|Any CPU.Build.0 = Release|x64
		{0057A713-E46A-4F91-B79D-FA446F2CD118}.Release|x64.ActiveCfg = Release|x64
		{0057A713-E46A-4F91-B79D-FA446F2CD118}.Release|x64.Build.0 = Release|x64
		{0057A713-E46A-4F91-B79D-FA446F2CD118}.Release|x86.ActiveCfg = Release|Win32
		{0057A713-E46A-4F91-B79D-FA446F2CD118}.Release|x86.Build.0 = Release|Win32
		{0057A713-E46A-4F91-B79D-FA446F2CD118}.RelWithDebInfo|Any CPU.ActiveCfg = Release|x64
		{0057A713-E46A-4F91-B79D-FA446F2CD118}.RelWithDebInfo|Any CPU.Build.0 = Release|x64
		{0057A713-E46A-4F91-B79D-FA446F2CD118}.RelWithDebInfo|x64.ActiveCfg = Release|x64
		{0057A713-E46A-4F91-B79D-FA446F2CD118}.RelWithDebInfo|x64.Build.0 = Release|x64
		{0057A713-E46A-4F91-B79D-FA446F2CD118}.RelWithDebInfo|x86.ActiveCfg = Release|Win32
		{0057A713-E46A-4F91-B79D-FA446F2CD118}.RelWithDebInfo|x86.Build.0 = Release|Win32
		{9588EE65-7DB5-4279-82E4-46FA9FBA7D29}.Debug|Any CPU.ActiveCfg = Debug|Any CPU
		{9588EE65-7DB5-4279-82E4-46FA9FBA7D29}.Debug|Any CPU.Build.0 = Debug|Any CPU
		{9588EE65-7DB5-4279-82E4-46FA9FBA7D29}.Debug|x64.ActiveCfg = Debug|Any CPU
		{9588EE65-7DB5-4279-82E4-46FA9FBA7D29}.Debug|x64.Build.0 = Debug|Any CPU
		{9588EE65-7DB5-4279-82E4-46FA9FBA7D29}.Debug|x86.ActiveCfg = Debug|Any CPU
		{9588EE65-7DB5-4279-82E4-46FA9FBA7D29}.Debug|x86.Build.0 = Debug|Any CPU
		{9588EE65-7DB5-4279-82E4-46FA9FBA7D29}.MinSizeRel|Any CPU.ActiveCfg = Debug|Any CPU
		{9588EE65-7DB5-4279-82E4-46FA9FBA7D29}.MinSizeRel|Any CPU.Build.0 = Debug|Any CPU
		{9588EE65-7DB5-4279-82E4-46FA9FBA7D29}.MinSizeRel|x64.ActiveCfg = Debug|Any CPU
		{9588EE65-7DB5-4279-82E4-46FA9FBA7D29}.MinSizeRel|x64.Build.0 = Debug|Any CPU
		{9588EE65-7DB5-4279-82E4-46FA9FBA7D29}.MinSizeRel|x86.ActiveCfg = Debug|Any CPU
		{9588EE65-7DB5-4279-82E4-46FA9FBA7D29}.MinSizeRel|x86.Build.0 = Debug|Any CPU
		{9588EE65-7DB5-4279-82E4-46FA9FBA7D29}.Release|Any CPU.ActiveCfg = Release|Any CPU
		{9588EE65-7DB5-4279-82E4-46FA9FBA7D29}.Release|Any CPU.Build.0 = Release|Any CPU
		{9588EE65-7DB5-4279-82E4-46FA9FBA7D29}.Release|x64.ActiveCfg = Release|Any CPU
		{9588EE65-7DB5-4279-82E4-46FA9FBA7D29}.Release|x64.Build.0 = Release|Any CPU
		{9588EE65-7DB5-4279-82E4-46FA9FBA7D29}.Release|x86.ActiveCfg = Release|Any CPU
		{9588EE65-7DB5-4279-82E4-46FA9FBA7D29}.Release|x86.Build.0 = Release|Any CPU
		{9588EE65-7DB5-4279-82E4-46FA9FBA7D29}.RelWithDebInfo|Any CPU.ActiveCfg = Release|Any CPU
		{9588EE65-7DB5-4279-82E4-46FA9FBA7D29}.RelWithDebInfo|Any CPU.Build.0 = Release|Any CPU
		{9588EE65-7DB5-4279-82E4-46FA9FBA7D29}.RelWithDebInfo|x64.ActiveCfg = Release|Any CPU
		{9588EE65-7DB5-4279-82E4-46FA9FBA7D29}.RelWithDebInfo|x64.Build.0 = Release|Any CPU
		{9588EE65-7DB5-4279-82E4-46FA9FBA7D29}.RelWithDebInfo|x86.ActiveCfg = Release|Any CPU
		{9588EE65-7DB5-4279-82E4-46FA9FBA7D29}.RelWithDebInfo|x86.Build.0 = Release|Any CPU
	EndGlobalSection
	GlobalSection(SolutionProperties) = preSolution
		HideSolutionNode = FALSE
	EndGlobalSection
	GlobalSection(ExtensibilityGlobals) = postSolution
		SolutionGuid = {54322519-C73B-44BC-A71E-5F853C224D52}
	EndGlobalSection
EndGlobal
